
Microsoft Visual Studio Solution File, Format Version 12.00
# Visual Studio 2012
Project("{8BC9CEB8-8B4A-11D0-8D11-00A0C91BC942}") = "DectoBinaryTranslator", "DectoBinaryTranslator\DectoBinaryTranslator.vcxproj", "{FFE68B1A-F473-4605-BBA2-904D48583853}"
EndProject
Global
	GlobalSection(SolutionConfigurationPlatforms) = preSolution
		Debug|Win32 = Debug|Win32
		Release|Win32 = Release|Win32
	EndGlobalSection
	GlobalSection(ProjectConfigurationPlatforms) = postSolution
		{FFE68B1A-F473-4605-BBA2-904D48583853}.Debug|Win32.ActiveCfg = Debug|Win32
		{FFE68B1A-F473-4605-BBA2-904D48583853}.Debug|Win32.Build.0 = Debug|Win32
		{FFE68B1A-F473-4605-BBA2-904D48583853}.Release|Win32.ActiveCfg = Release|Win32
		{FFE68B1A-F473-4605-BBA2-904D48583853}.Release|Win32.Build.0 = Release|Win32
	EndGlobalSection
	GlobalSection(SolutionProperties) = preSolution
		HideSolutionNode = FALSE
	EndGlobalSection
EndGlobal
